
Microsoft Visual Studio Solution File, Format Version 12.00
# Visual Studio Version 17
VisualStudioVersion = 17.3.32825.248
MinimumVisualStudioVersion = 10.0.40219.1
Project("{FAE04EC0-301F-11D3-BF4B-00C04F79EFBC}") = "Week13SQLiteDB", "Week13SQLiteDB\Week13SQLiteDB.csproj", "{2B922171-422B-4A3C-AD00-65C4C915CC4D}"
EndProject
Global
	GlobalSection(SolutionConfigurationPlatforms) = preSolution
		Debug|Any CPU = Debug|Any CPU
		Release|Any CPU = Release|Any CPU
	EndGlobalSection
	GlobalSection(ProjectConfigurationPlatforms) = postSolution
		{2B922171-422B-4A3C-AD00-65C4C915CC4D}.Debug|Any CPU.ActiveCfg = Debug|Any CPU
		{2B922171-422B-4A3C-AD00-65C4C915CC4D}.Debug|Any CPU.Build.0 = Debug|Any CPU
		{2B922171-422B-4A3C-AD00-65C4C915CC4D}.Release|Any CPU.ActiveCfg = Release|Any CPU
		{2B922171-422B-4A3C-AD00-65C4C915CC4D}.Release|Any CPU.Build.0 = Release|Any CPU
	EndGlobalSection
	GlobalSection(SolutionProperties) = preSolution
		HideSolutionNode = FALSE
	EndGlobalSection
	GlobalSection(ExtensibilityGlobals) = postSolution
		SolutionGuid = {518CA83E-B7BA-4695-B6D8-74AD61FE8D95}
	EndGlobalSection
EndGlobal
